
Microsoft Visual Studio Solution File, Format Version 12.00
# Visual Studio Version 17
VisualStudioVersion = 17.4.33110.190
MinimumVisualStudioVersion = 10.0.40219.1
Project("{FAE04EC0-301F-11D3-BF4B-00C04F79EFBC}") = "lab2", "lab2\lab2.csproj", "{9EA160D3-5FD0-4D4C-AD36-9F0DCDF95319}"
EndProject
Global
	GlobalSection(SolutionConfigurationPlatforms) = preSolution
		Debug|Any CPU = Debug|Any CPU
		Release|Any CPU = Release|Any CPU
	EndGlobalSection
	GlobalSection(ProjectConfigurationPlatforms) = postSolution
		{9EA160D3-5FD0-4D4C-AD36-9F0DCDF95319}.Debug|Any CPU.ActiveCfg = Debug|Any CPU
		{9EA160D3-5FD0-4D4C-AD36-9F0DCDF95319}.Debug|Any CPU.Build.0 = Debug|Any CPU
		{9EA160D3-5FD0-4D4C-AD36-9F0DCDF95319}.Release|Any CPU.ActiveCfg = Release|Any CPU
		{9EA160D3-5FD0-4D4C-AD36-9F0DCDF95319}.Release|Any CPU.Build.0 = Release|Any CPU
	EndGlobalSection
	GlobalSection(SolutionProperties) = preSolution
		HideSolutionNode = FALSE
	EndGlobalSection
	GlobalSection(ExtensibilityGlobals) = postSolution
		SolutionGuid = {76E9FE4F-F071-47F5-BB3B-5A2D74C057E6}
	EndGlobalSection
EndGlobal
